// !$*UTF8*$!
{
	archiveVersion = 1;
	classes = {
	};
	objectVersion = 50;
	objects = {

/* Begin PBXBuildFile section */
		9151DE5925C52740004D8659 /* Contact_HelpApp.swift in Sources */ = {isa = PBXBuildFile; fileRef = 9151DE5825C52740004D8659 /* Contact_HelpApp.swift */; };
		9151DE5B25C52740004D8659 /* ContentView.swift in Sources */ = {isa = PBXBuildFile; fileRef = 9151DE5A25C52740004D8659 /* ContentView.swift */; };
		9151DE5D25C52746004D8659 /* Assets.xcassets in Resources */ = {isa = PBXBuildFile; fileRef = 9151DE5C25C52746004D8659 /* Assets.xcassets */; };
		9151DE6025C52746004D8659 /* Preview Assets.xcassets in Resources */ = {isa = PBXBuildFile; fileRef = 9151DE5F25C52746004D8659 /* Preview Assets.xcassets */; };
		9151DE6925C528DF004D8659 /* ImagePicker.swift in Sources */ = {isa = PBXBuildFile; fileRef = 9151DE6825C528DF004D8659 /* ImagePicker.swift */; };
		9151DE6C25C53EBA004D8659 /* AddPerson.swift in Sources */ = {isa = PBXBuildFile; fileRef = 9151DE6B25C53EBA004D8659 /* AddPerson.swift */; };
		916D5C2E25C5561600AE8DCA /* Person.swift in Sources */ = {isa = PBXBuildFile; fileRef = 916D5C2D25C5561600AE8DCA /* Person.swift */; };
		91B5B84425C59B5D006DEDD0 /* ContactSaver.swift in Sources */ = {isa = PBXBuildFile; fileRef = 91B5B84325C59B5D006DEDD0 /* ContactSaver.swift */; };
/* End PBXBuildFile section */

/* Begin PBXFileReference section */
		9151DE5525C52740004D8659 /* Contact-Help.app */ = {isa = PBXFileReference; explicitFileType = wrapper.application; includeInIndex = 0; path = "Contact-Help.app"; sourceTree = BUILT_PRODUCTS_DIR; };
		9151DE5825C52740004D8659 /* Contact_HelpApp.swift */ = {isa = PBXFileReference; lastKnownFileType = sourcecode.swift; path = Contact_HelpApp.swift; sourceTree = "<group>"; };
		9151DE5A25C52740004D8659 /* ContentView.swift */ = {isa = PBXFileReference; lastKnownFileType = sourcecode.swift; path = ContentView.swift; sourceTree = "<group>"; };
		9151DE5C25C52746004D8659 /* Assets.xcassets */ = {isa = PBXFileReference; lastKnownFileType = folder.assetcatalog; path = Assets.xcassets; sourceTree = "<group>"; };
		9151DE5F25C52746004D8659 /* Preview Assets.xcassets */ = {isa = PBXFileReference; lastKnownFileType = folder.assetcatalog; path = "Preview Assets.xcassets"; sourceTree = "<group>"; };
		9151DE6125C52746004D8659 /* Info.plist */ = {isa = PBXFileReference; lastKnownFileType = text.plist.xml; path = Info.plist; sourceTree = "<group>"; };
		9151DE6825C528DF004D8659 /* ImagePicker.swift */ = {isa = PBXFileReference; lastKnownFileType = sourcecode.swift; path = ImagePicker.swift; sourceTree = "<group>"; };
		9151DE6B25C53EBA004D8659 /* AddPerson.swift */ = {isa = PBXFileReference; lastKnownFileType = sourcecode.swift; path = AddPerson.swift; sourceTree = "<group>"; };
		916D5C2D25C5561600AE8DCA /* Person.swift */ = {isa = PBXFileReference; lastKnownFileType = sourcecode.swift; path = Person.swift; sourceTree = "<group>"; };
		91B5B84325C59B5D006DEDD0 /* ContactSaver.swift */ = {isa = PBXFileReference; lastKnownFileType = sourcecode.swift; path = ContactSaver.swift; sourceTree = "<group>"; };
/* End PBXFileReference section */

/* Begin PBXFrameworksBuildPhase section */
		9151DE5225C52740004D8659 /* Frameworks */ = {
			isa = PBXFrameworksBuildPhase;
			buildActionMask = 2147483647;
			files = (
			);
			runOnlyForDeploymentPostprocessing = 0;
		};
/* End PBXFrameworksBuildPhase section */

/* Begin PBXGroup section */
		9151DE4C25C5273F004D8659 = {
			isa = PBXGroup;
			children = (
				9151DE5725C52740004D8659 /* Contact-Help */,
				9151DE5625C52740004D8659 /* Products */,
			);
			sourceTree = "<group>";
		};
		9151DE5625C52740004D8659 /* Products */ = {
			isa = PBXGroup;
			children = (
				9151DE5525C52740004D8659 /* Contact-Help.app */,
			);
			name = Products;
			sourceTree = "<group>";
		};
		9151DE5725C52740004D8659 /* Contact-Help */ = {
			isa = PBXGroup;
			children = (
				9151DE6E25C53F54004D8659 /* View */,
				9151DE5825C52740004D8659 /* Contact_HelpApp.swift */,
				9151DE5C25C52746004D8659 /* Assets.xcassets */,
				9151DE6125C52746004D8659 /* Info.plist */,
				9151DE5E25C52746004D8659 /* Preview Content */,
				9151DE6F25C53F78004D8659 /* Model */,
			);
			path = "Contact-Help";
			sourceTree = "<group>";
		};
		9151DE5E25C52746004D8659 /* Preview Content */ = {
			isa = PBXGroup;
			children = (
				9151DE5F25C52746004D8659 /* Preview Assets.xcassets */,
			);
			path = "Preview Content";
			sourceTree = "<group>";
		};
		9151DE6E25C53F54004D8659 /* View */ = {
			isa = PBXGroup;
			children = (
				9151DE5A25C52740004D8659 /* ContentView.swift */,
				9151DE6B25C53EBA004D8659 /* AddPerson.swift */,
			);
			path = View;
			sourceTree = "<group>";
		};
		9151DE6F25C53F78004D8659 /* Model */ = {
			isa = PBXGroup;
			children = (
				9151DE6825C528DF004D8659 /* ImagePicker.swift */,
				916D5C2D25C5561600AE8DCA /* Person.swift */,
				91B5B84325C59B5D006DEDD0 /* ContactSaver.swift */,
			);
			path = Model;
			sourceTree = "<group>";
		};
/* End PBXGroup section */

/* Begin PBXNativeTarget section */
		9151DE5425C52740004D8659 /* Contact-Help */ = {
			isa = PBXNativeTarget;
			buildConfigurationList = 9151DE6425C52746004D8659 /* Build configuration list for PBXNativeTarget "Contact-Help" */;
			buildPhases = (
				9151DE5125C52740004D8659 /* Sources */,
				9151DE5225C52740004D8659 /* Frameworks */,
				9151DE5325C52740004D8659 /* Resources */,
			);
			buildRules = (
			);
			dependencies = (
			);
			name = "Contact-Help";
			productName = "Contact-Help";
			productReference = 9151DE5525C52740004D8659 /* Contact-Help.app */;
			productType = "com.apple.product-type.application";
		};
/* End PBXNativeTarget section */

/* Begin PBXProject section */
		9151DE4D25C5273F004D8659 /* Project object */ = {
			isa = PBXProject;
			attributes = {
				LastSwiftUpdateCheck = 1240;
				LastUpgradeCheck = 1240;
				TargetAttributes = {
					9151DE5425C52740004D8659 = {
						CreatedOnToolsVersion = 12.4;
					};
				};
			};
			buildConfigurationList = 9151DE5025C5273F004D8659 /* Build configuration list for PBXProject "Contact-Help" */;
			compatibilityVersion = "Xcode 9.3";
			developmentRegion = en;
			hasScannedForEncodings = 0;
			knownRegions = (
				en,
				Base,
			);
			mainGroup = 9151DE4C25C5273F004D8659;
			productRefGroup = 9151DE5625C52740004D8659 /* Products */;
			projectDirPath = "";
			projectRoot = "";
			targets = (
				9151DE5425C52740004D8659 /* Contact-Help */,
			);
		};
/* End PBXProject section */

/* Begin PBXResourcesBuildPhase section */
		9151DE5325C52740004D8659 /* Resources */ = {
			isa = PBXResourcesBuildPhase;
			buildActionMask = 2147483647;
			files = (
				9151DE6025C52746004D8659 /* Preview Assets.xcassets in Resources */,
				9151DE5D25C52746004D8659 /* Assets.xcassets in Resources */,
			);
			runOnlyForDeploymentPostprocessing = 0;
		};
/* End PBXResourcesBuildPhase section */

/* Begin PBXSourcesBuildPhase section */
		9151DE5125C52740004D8659 /* Sources */ = {
			isa = PBXSourcesBuildPhase;
			buildActionMask = 2147483647;
			files = (
				916D5C2E25C5561600AE8DCA /* Person.swift in Sources */,
				9151DE6925C528DF004D8659 /* ImagePicker.swift in Sources */,
				91B5B84425C59B5D006DEDD0 /* ContactSaver.swift in Sources */,
				9151DE6C25C53EBA004D8659 /* AddPerson.swift in Sources */,
				9151DE5B25C52740004D8659 /* ContentView.swift in Sources */,
				9151DE5925C52740004D8659 /* Contact_HelpApp.swift in Sources */,
			);
			runOnlyForDeploymentPostprocessing = 0;
		};
/* End PBXSourcesBuildPhase section */

/* Begin XCBuildConfiguration section */
		9151DE6225C52746004D8659 /* Debug */ = {
			isa = XCBuildConfiguration;
			buildSettings = {
				ALWAYS_SEARCH_USER_PATHS = NO;
				CLANG_ANALYZER_NONNULL = YES;
				CLANG_ANALYZER_NUMBER_OBJECT_CONVERSION = YES_AGGRESSIVE;
				CLANG_CXX_LANGUAGE_STANDARD = "gnu++14";
				CLANG_CXX_LIBRARY = "libc++";
				CLANG_ENABLE_MODULES = YES;
				CLANG_ENABLE_OBJC_ARC = YES;
				CLANG_ENABLE_OBJC_WEAK = YES;
				CLANG_WARN_BLOCK_CAPTURE_AUTORELEASING = YES;
				CLANG_WARN_BOOL_CONVERSION = YES;
				CLANG_WARN_COMMA = YES;
				CLANG_WARN_CONSTANT_CONVERSION = YES;
				CLANG_WARN_DEPRECATED_OBJC_IMPLEMENTATIONS = YES;
				CLANG_WARN_DIRECT_OBJC_ISA_USAGE = YES_ERROR;
				CLANG_WARN_DOCUMENTATION_COMMENTS = YES;
				CLANG_WARN_EMPTY_BODY = YES;
				CLANG_WARN_ENUM_CONVERSION = YES;
				CLANG_WARN_INFINITE_RECURSION = YES;
				CLANG_WARN_INT_CONVERSION = YES;
				CLANG_WARN_NON_LITERAL_NULL_CONVERSION = YES;
				CLANG_WARN_OBJC_IMPLICIT_RETAIN_SELF = YES;
				CLANG_WARN_OBJC_LITERAL_CONVERSION = YES;
				CLANG_WARN_OBJC_ROOT_CLASS = YES_ERROR;
				CLANG_WARN_QUOTED_INCLUDE_IN_FRAMEWORK_HEADER = YES;
				CLANG_WARN_RANGE_LOOP_ANALYSIS = YES;
				CLANG_WARN_STRICT_PROTOTYPES = YES;
				CLANG_WARN_SUSPICIOUS_MOVE = YES;
				CLANG_WARN_UNGUARDED_AVAILABILITY = YES_AGGRESSIVE;
				CLANG_WARN_UNREACHABLE_CODE = YES;
				CLANG_WARN__DUPLICATE_METHOD_MATCH = YES;
				COPY_PHASE_STRIP = NO;
				DEBUG_INFORMATION_FORMAT = dwarf;
				ENABLE_STRICT_OBJC_MSGSEND = YES;
				ENABLE_TESTABILITY = YES;
				GCC_C_LANGUAGE_STANDARD = gnu11;
				GCC_DYNAMIC_NO_PIC = NO;
				GCC_NO_COMMON_BLOCKS = YES;
				GCC_OPTIMIZATION_LEVEL = 0;
				GCC_PREPROCESSOR_DEFINITIONS = (
					"DEBUG=1",
					"$(inherited)",
				);
				GCC_WARN_64_TO_32_BIT_CONVERSION = YES;
				GCC_WARN_ABOUT_RETURN_TYPE = YES_ERROR;
				GCC_WARN_UNDECLARED_SELECTOR = YES;
				GCC_WARN_UNINITIALIZED_AUTOS = YES_AGGRESSIVE;
				GCC_WARN_UNUSED_FUNCTION = YES;
				GCC_WARN_UNUSED_VARIABLE = YES;
				IPHONEOS_DEPLOYMENT_TARGET = 14.4;
				MTL_ENABLE_DEBUG_INFO = INCLUDE_SOURCE;
				MTL_FAST_MATH = YES;
				ONLY_ACTIVE_ARCH = YES;
				SDKROOT = iphoneos;
				SWIFT_ACTIVE_COMPILATION_CONDITIONS = DEBUG;
				SWIFT_OPTIMIZATION_LEVEL = "-Onone";
			};
			name = Debug;
		};
		9151DE6325C52746004D8659 /* Release */ = {
			isa = XCBuildConfiguration;
			buildSettings = {
				ALWAYS_SEARCH_USER_PATHS = NO;
				CLANG_ANALYZER_NONNULL = YES;
				CLANG_ANALYZER_NUMBER_OBJECT_CONVERSION = YES_AGGRESSIVE;
				CLANG_CXX_LANGUAGE_STANDARD = "gnu++14";
				CLANG_CXX_LIBRARY = "libc++";
				CLANG_ENABLE_MODULES = YES;
				CLANG_ENABLE_OBJC_ARC = YES;
				CLANG_ENABLE_OBJC_WEAK = YES;
				CLANG_WARN_BLOCK_CAPTURE_AUTORELEASING = YES;
				CLANG_WARN_BOOL_CONVERSION = YES;
				CLANG_WARN_COMMA = YES;
				CLANG_WARN_CONSTANT_CONVERSION = YES;
				CLANG_WARN_DEPRECATED_OBJC_IMPLEMENTATIONS = YES;
				CLANG_WARN_DIRECT_OBJC_ISA_USAGE = YES_ERROR;
				CLANG_WARN_DOCUMENTATION_COMMENTS = YES;
				CLANG_WARN_EMPTY_BODY = YES;
				CLANG_WARN_ENUM_CONVERSION = YES;
				CLANG_WARN_INFINITE_RECURSION = YES;
				CLANG_WARN_INT_CONVERSION = YES;
				CLANG_WARN_NON_LITERAL_NULL_CONVERSION = YES;
				CLANG_WARN_OBJC_IMPLICIT_RETAIN_SELF = YES;
				CLANG_WARN_OBJC_LITERAL_CONVERSION = YES;
				CLANG_WARN_OBJC_ROOT_CLASS = YES_ERROR;
				CLANG_WARN_QUOTED_INCLUDE_IN_FRAMEWORK_HEADER = YES;
				CLANG_WARN_RANGE_LOOP_ANALYSIS = YES;
				CLANG_WARN_STRICT_PROTOTYPES = YES;
				CLANG_WARN_SUSPICIOUS_MOVE = YES;
				CLANG_WARN_UNGUARDED_AVAILABILITY = YES_AGGRESSIVE;
				CLANG_WARN_UNREACHABLE_CODE = YES;
				CLANG_WARN__DUPLICATE_METHOD_MATCH = YES;
				COPY_PHASE_STRIP = NO;
				DEBUG_INFORMATION_FORMAT = "dwarf-with-dsym";
				ENABLE_NS_ASSERTIONS = NO;
				ENABLE_STRICT_OBJC_MSGSEND = YES;
				GCC_C_LANGUAGE_STANDARD = gnu11;
				GCC_NO_COMMON_BLOCKS = YES;
				GCC_WARN_64_TO_32_BIT_CONVERSION = YES;
				GCC_WARN_ABOUT_RETURN_TYPE = YES_ERROR;
				GCC_WARN_UNDECLARED_SELECTOR = YES;
				GCC_WARN_UNINITIALIZED_AUTOS = YES_AGGRESSIVE;
				GCC_WARN_UNUSED_FUNCTION = YES;
				GCC_WARN_UNUSED_VARIABLE = YES;
				IPHONEOS_DEPLOYMENT_TARGET = 14.4;
				MTL_ENABLE_DEBUG_INFO = NO;
				MTL_FAST_MATH = YES;
				SDKROOT = iphoneos;
				SWIFT_COMPILATION_MODE = wholemodule;
				SWIFT_OPTIMIZATION_LEVEL = "-O";
				VALIDATE_PRODUCT = YES;
			};
			name = Release;
		};
		9151DE6525C52746004D8659 /* Debug */ = {
			isa = XCBuildConfiguration;
			buildSettings = {
				ASSETCATALOG_COMPILER_APPICON_NAME = AppIcon;
				ASSETCATALOG_COMPILER_GLOBAL_ACCENT_COLOR_NAME = AccentColor;
				CODE_SIGN_STYLE = Automatic;
				DEVELOPMENT_ASSET_PATHS = "\"Contact-Help/Preview Content\"";
				DEVELOPMENT_TEAM = U23VWM3L5A;
				ENABLE_PREVIEWS = YES;
				INFOPLIST_FILE = "Contact-Help/Info.plist";
				IPHONEOS_DEPLOYMENT_TARGET = 14.0;
				LD_RUNPATH_SEARCH_PATHS = (
					"$(inherited)",
					"@executable_path/Frameworks",
				);
				PRODUCT_BUNDLE_IDENTIFIER = "com.prabaljitwalia.Contact-Help";
				PRODUCT_NAME = "$(TARGET_NAME)";
				SWIFT_VERSION = 5.0;
				TARGETED_DEVICE_FAMILY = "1,2";
			};
			name = Debug;
		};
		9151DE6625C52746004D8659 /* Release */ = {
			isa = XCBuildConfiguration;
			buildSettings = {
				ASSETCATALOG_COMPILER_APPICON_NAME = AppIcon;
				ASSETCATALOG_COMPILER_GLOBAL_ACCENT_COLOR_NAME = AccentColor;
				CODE_SIGN_STYLE = Automatic;
				DEVELOPMENT_ASSET_PATHS = "\"Contact-Help/Preview Content\"";
				DEVELOPMENT_TEAM = U23VWM3L5A;
				ENABLE_PREVIEWS = YES;
				INFOPLIST_FILE = "Contact-Help/Info.plist";
				IPHONEOS_DEPLOYMENT_TARGET = 14.0;
				LD_RUNPATH_SEARCH_PATHS = (
					"$(inherited)",
					"@executable_path/Frameworks",
				);
				PRODUCT_BUNDLE_IDENTIFIER = "com.prabaljitwalia.Contact-Help";
				PRODUCT_NAME = "$(TARGET_NAME)";
				SWIFT_VERSION = 5.0;
				TARGETED_DEVICE_FAMILY = "1,2";
			};
			name = Release;
		};
/* End XCBuildConfiguration section */

/* Begin XCConfigurationList section */
		9151DE5025C5273F004D8659 /* Build configuration list for PBXProject "Contact-Help" */ = {
			isa = XCConfigurationList;
			buildConfigurations = (
				9151DE6225C52746004D8659 /* Debug */,
				9151DE6325C52746004D8659 /* Release */,
			);
			defaultConfigurationIsVisible = 0;
			defaultConfigurationName = Release;
		};
		9151DE6425C52746004D8659 /* Build configuration list for PBXNativeTarget "Contact-Help" */ = {
			isa = XCConfigurationList;
			buildConfigurations = (
				9151DE6525C52746004D8659 /* Debug */,
				9151DE6625C52746004D8659 /* Release */,
			);
			defaultConfigurationIsVisible = 0;
			defaultConfigurationName = Release;
		};
/* End XCConfigurationList section */
	};
	rootObject = 9151DE4D25C5273F004D8659 /* Project object */;
}
